
Microsoft Visual Studio Solution File, Format Version 12.00
# Visual Studio Version 16
VisualStudioVersion = 16.0.31424.327
MinimumVisualStudioVersion = 10.0.40219.1
Project("{8BC9CEB8-8B4A-11D0-8D11-00A0C91BC942}") = "management student", "management student\management student.vcxproj", "{F4702ABD-7739-49E2-B99B-B96158C384F9}"
EndProject
Global
	GlobalSection(SolutionConfigurationPlatforms) = preSolution
		Debug|x64 = Debug|x64
		Debug|x86 = Debug|x86
		Release|x64 = Release|x64
		Release|x86 = Release|x86
	EndGlobalSection
	GlobalSection(ProjectConfigurationPlatforms) = postSolution
		{F4702ABD-7739-49E2-B99B-B96158C384F9}.Debug|x64.ActiveCfg = Debug|x64
		{F4702ABD-7739-49E2-B99B-B96158C384F9}.Debug|x64.Build.0 = Debug|x64
		{F4702ABD-7739-49E2-B99B-B96158C384F9}.Debug|x86.ActiveCfg = Debug|Win32
		{F4702ABD-7739-49E2-B99B-B96158C384F9}.Debug|x86.Build.0 = Debug|Win32
		{F4702ABD-7739-49E2-B99B-B96158C384F9}.Release|x64.ActiveCfg = Release|x64
		{F4702ABD-7739-49E2-B99B-B96158C384F9}.Release|x64.Build.0 = Release|x64
		{F4702ABD-7739-49E2-B99B-B96158C384F9}.Release|x86.ActiveCfg = Release|Win32
		{F4702ABD-7739-49E2-B99B-B96158C384F9}.Release|x86.Build.0 = Release|Win32
	EndGlobalSection
	GlobalSection(SolutionProperties) = preSolution
		HideSolutionNode = FALSE
	EndGlobalSection
	GlobalSection(ExtensibilityGlobals) = postSolution
		SolutionGuid = {53A42497-B71E-4D88-B57D-FE49357A1CDB}
	EndGlobalSection
EndGlobal
